
Microsoft Visual Studio Solution File, Format Version 12.00
# Visual Studio Version 16
VisualStudioVersion = 16.0.31402.337
MinimumVisualStudioVersion = 10.0.40219.1
Project("{9A19103F-16F7-4668-BE54-9A1E7A4F7556}") = "BookListRazor", "BookListRazor\BookListRazor.csproj", "{0E29D906-B779-4675-8216-163D860CDF2B}"
EndProject
Global
	GlobalSection(SolutionConfigurationPlatforms) = preSolution
		Debug|Any CPU = Debug|Any CPU
		Release|Any CPU = Release|Any CPU
	EndGlobalSection
	GlobalSection(ProjectConfigurationPlatforms) = postSolution
		{0E29D906-B779-4675-8216-163D860CDF2B}.Debug|Any CPU.ActiveCfg = Debug|Any CPU
		{0E29D906-B779-4675-8216-163D860CDF2B}.Debug|Any CPU.Build.0 = Debug|Any CPU
		{0E29D906-B779-4675-8216-163D860CDF2B}.Release|Any CPU.ActiveCfg = Release|Any CPU
		{0E29D906-B779-4675-8216-163D860CDF2B}.Release|Any CPU.Build.0 = Release|Any CPU
	EndGlobalSection
	GlobalSection(SolutionProperties) = preSolution
		HideSolutionNode = FALSE
	EndGlobalSection
	GlobalSection(ExtensibilityGlobals) = postSolution
		SolutionGuid = {D5C190D7-9C24-4C3B-8098-CF262D0F5227}
	EndGlobalSection
EndGlobal
