{
  "requires": true,
  "lockfileVersion": 1,
  "dependencies": {
    "jquery": {
      "version": "3.6.0",
      "resolved": "https://registry.npmjs.org/jquery/-/jquery-3.6.0.tgz",
      "integrity": "sha512-JVzAR/AjBvVt2BmYhxRCSYysDsPcssdmTFnzyLEts9qNwmjmu4JTAMYubEfwVOSwpQ1I1sKKFcxhZCI2buerfw=="
    },
    "sweetalert2": {
      "version": "11.0.17",
      "resolved": "https://registry.npmjs.org/sweetalert2/-/sweetalert2-11.0.17.tgz",
      "integrity": "sha512-oaCGCNjMU648bDg5+/mdStfFNG9sYEejeEZQY8JpAakUM0pLflB3neNyArAZGcWNUQX1y/jOeRdzcNE05Una4A=="
    },
    "toastr": {
      "version": "2.1.4",
      "resolved": "https://registry.npmjs.org/toastr/-/toastr-2.1.4.tgz",
      "integrity": "sha1-i0O+ZPudDEFIcURvLbjoyk6V8YE=",
      "requires": {
        "jquery": ">=1.12.0"
      }
    }
  }
}
